<?xml version="1.0" encoding="utf-8"?>
<Project ToolsVersion="4.0" xmlns="http://schemas.microsoft.com/developer/msbuild/2003">
  <ItemGroup>
    <Filter Include="Engine">
      <UniqueIdentifier>{d77b612d-80c8-456a-b9b6-b4703d0975ce}</UniqueIdentifier>
    </Filter>
    <Filter Include="Default">
      <UniqueIdentifier>{86e2ffd7-b295-4192-bc59-fa29efe926d9}</UniqueIdentifier>
    </Filter>
    <Filter Include="Default\리소스 파일">
      <UniqueIdentifier>{67DA6AB6-F800-4c08-8B7A-83BB121AAD01}</UniqueIdentifier>
      <Extensions>rc;ico;cur;bmp;dlg;rc2;rct;bin;rgs;gif;jpg;jpeg;jpe;resx;tiff;tif;png;wav;mfcribbon-ms</Extensions>
    </Filter>
    <Filter Include="Engine\02. Core">
      <UniqueIdentifier>{6ca8e261-556a-4de9-abcf-c7261576c220}</UniqueIdentifier>
    </Filter>
    <Filter Include="Engine\03. Manager">
      <UniqueIdentifier>{9a794b59-a14f-45c8-9da4-d1899e9a3d43}</UniqueIdentifier>
    </Filter>
    <Filter Include="Engine\04. Object">
      <UniqueIdentifier>{7a90164a-dbce-4f30-87b4-6bbad10a3f8a}</UniqueIdentifier>
    </Filter>
    <Filter Include="Engine\05. Scene">
      <UniqueIdentifier>{395cb876-2188-4326-afe3-f5fba5840405}</UniqueIdentifier>
    </Filter>
    <Filter Include="Engine\04. Object\Player">
      <UniqueIdentifier>{4ac38a31-89f0-4b11-ab28-29ffed116a3e}</UniqueIdentifier>
    </Filter>
    <Filter Include="Engine\04. Object\Monster">
      <UniqueIdentifier>{114dca6c-47a3-4619-b1d4-91f63a4bbf11}</UniqueIdentifier>
    </Filter>
    <Filter Include="Engine\04. Object\Missile">
      <UniqueIdentifier>{bbcce6c3-b9d4-4aab-baa6-23b38c955f3e}</UniqueIdentifier>
    </Filter>
    <Filter Include="Engine\06. Resource">
      <UniqueIdentifier>{349a9f4f-e3bb-4e88-90de-b85782fde76c}</UniqueIdentifier>
    </Filter>
    <Filter Include="Engine\06. Resource\Sound">
      <UniqueIdentifier>{c4ffc133-a535-4a4b-aa7a-9cda5675cec6}</UniqueIdentifier>
    </Filter>
    <Filter Include="Engine\06. Resource\Texture">
      <UniqueIdentifier>{2ae9b7d1-68ea-4e8d-b03e-270fdb4ab18c}</UniqueIdentifier>
    </Filter>
    <Filter Include="Engine\07. Component">
      <UniqueIdentifier>{d961f8b1-34f0-477e-921f-f868f5477b1d}</UniqueIdentifier>
    </Filter>
    <Filter Include="Engine\08. Module">
      <UniqueIdentifier>{79eab0b6-d006-42b0-a0d6-a738620eb52a}</UniqueIdentifier>
    </Filter>
    <Filter Include="Engine\07. Component\Collider">
      <UniqueIdentifier>{efd16956-4913-49d8-801d-93cdd06a84ec}</UniqueIdentifier>
    </Filter>
    <Filter Include="Engine\07. Component\Animator">
      <UniqueIdentifier>{153c36bf-c0f0-4136-b20d-a4f03bb115b9}</UniqueIdentifier>
    </Filter>
    <Filter Include="Engine\07. Component\Animator\Animation">
      <UniqueIdentifier>{6a8929ad-daac-49d5-8f6b-3508dfa459c8}</UniqueIdentifier>
    </Filter>
    <Filter Include="Engine\03. Manager\Collision">
      <UniqueIdentifier>{ee4f6739-1dfc-438c-9640-49a4d93857d5}</UniqueIdentifier>
    </Filter>
    <Filter Include="Engine\03. Manager\Event">
      <UniqueIdentifier>{11253cbb-03dc-4b84-9dca-c7fc2886a508}</UniqueIdentifier>
    </Filter>
    <Filter Include="Engine\03. Manager\Key">
      <UniqueIdentifier>{82fb9553-9758-484a-a449-01b910dfb9ee}</UniqueIdentifier>
    </Filter>
    <Filter Include="Engine\03. Manager\Resource">
      <UniqueIdentifier>{8048fd14-8c5b-4e73-9f26-5aea43c1d7a4}</UniqueIdentifier>
    </Filter>
    <Filter Include="Engine\03. Manager\Scene">
      <UniqueIdentifier>{c231642b-7ef7-4ef9-9f55-af9237f94dc5}</UniqueIdentifier>
    </Filter>
    <Filter Include="Engine\03. Manager\Time">
      <UniqueIdentifier>{a706651e-7465-4848-9113-bc1a5763c652}</UniqueIdentifier>
    </Filter>
    <Filter Include="Engine\03. Manager\Camera">
      <UniqueIdentifier>{8e0712bd-19f0-4804-87ce-a23372f247e2}</UniqueIdentifier>
    </Filter>
    <Filter Include="Engine\04. Object\Tile">
      <UniqueIdentifier>{0f6258d7-b87a-42a1-b5ed-4943e85eb371}</UniqueIdentifier>
    </Filter>
    <Filter Include="Engine\04. Object\UI">
      <UniqueIdentifier>{c90c46dd-e8e8-4254-8d65-fdd0e2010818}</UniqueIdentifier>
    </Filter>
    <Filter Include="Engine\03. Manager\UI">
      <UniqueIdentifier>{d80e3622-bb2b-47c0-8279-f9de7ecf6794}</UniqueIdentifier>
    </Filter>
    <Filter Include="Engine\04. Object\UI\PanelUI">
      <UniqueIdentifier>{94626d1c-bc49-4f45-be25-ab10399c62a1}</UniqueIdentifier>
    </Filter>
    <Filter Include="Engine\04. Object\UI\BtnUI">
      <UniqueIdentifier>{0e8d131d-88ab-4d4e-87f3-bf4749a06d5e}</UniqueIdentifier>
    </Filter>
    <Filter Include="Engine\01. Header">
      <UniqueIdentifier>{b1e05879-024d-4312-9304-4f045fe97074}</UniqueIdentifier>
    </Filter>
    <Filter Include="Engine\03. Manager\Path">
      <UniqueIdentifier>{a8ffc337-22de-47a9-9cb0-082a0985ac39}</UniqueIdentifier>
    </Filter>
    <Filter Include="Engine\08. Module\GDI">
      <UniqueIdentifier>{56f89b62-bfb0-44d7-a5de-91c0192fa22d}</UniqueIdentifier>
    </Filter>
    <Filter Include="Engine\03. Manager\Data">
      <UniqueIdentifier>{9d557d68-5ac6-4b3b-98ca-f17da4478a97}</UniqueIdentifier>
    </Filter>
    <Filter Include="Engine\05. Scene\1. Scene_Title">
      <UniqueIdentifier>{c924dcf1-afc6-40c6-ab9e-6c5298c7052f}</UniqueIdentifier>
    </Filter>
    <Filter Include="Engine\05. Scene\3. Scene_Battle">
      <UniqueIdentifier>{6e9c4530-7534-4077-b907-e8ecd8033fd6}</UniqueIdentifier>
    </Filter>
    <Filter Include="Engine\05. Scene\2. Scene_Robby">
      <UniqueIdentifier>{5e0d0590-2f76-4ead-bdd4-ee19bb94119d}</UniqueIdentifier>
    </Filter>
    <Filter Include="Engine\05. Scene\0. Scene_Tool">
      <UniqueIdentifier>{ecf01e0a-307f-4199-9f2c-7884e6501e72}</UniqueIdentifier>
    </Filter>
    <Filter Include="Engine\05. Scene\5. Scene_End">
      <UniqueIdentifier>{6b522151-cc27-4ba0-b20a-5e0f93b4e5b9}</UniqueIdentifier>
    </Filter>
    <Filter Include="Engine\04. Object\Block">
      <UniqueIdentifier>{896daa16-dd39-4182-9a41-3d7e50f72b5e}</UniqueIdentifier>
    </Filter>
    <Filter Include="Engine\06. Resource\TextureGDI+">
      <UniqueIdentifier>{aecf7fb6-9bc6-491c-a7da-fa47c88f4bd2}</UniqueIdentifier>
    </Filter>
    <Filter Include="Engine\04. Object\Effect">
      <UniqueIdentifier>{f9c409a7-9ce2-493b-a7b4-730a353a96f0}</UniqueIdentifier>
    </Filter>
    <Filter Include="Engine\07. Component\AnimatorGDI+">
      <UniqueIdentifier>{33bdc7e6-fb1e-4510-ad0e-3fc4f79a841c}</UniqueIdentifier>
    </Filter>
    <Filter Include="Engine\07. Component\AnimatorGDI+\AnimationGDI+">
      <UniqueIdentifier>{3dcf84f9-15ab-47d2-981d-2c65aaf9903c}</UniqueIdentifier>
    </Filter>
    <Filter Include="Engine\05. Scene\4. Scene_GameOver">
      <UniqueIdentifier>{8293e69a-ceb2-4062-8b09-8b8675c6b4f7}</UniqueIdentifier>
    </Filter>
    <Filter Include="Engine\04. Object\Mouse">
      <UniqueIdentifier>{27c6d8b3-68ef-41a6-9a4c-9b1f379e3031}</UniqueIdentifier>
    </Filter>
    <Filter Include="Engine\10. BattleCenter">
      <UniqueIdentifier>{0fe27184-e16a-4fee-a6ff-be334eb2ef40}</UniqueIdentifier>
    </Filter>
    <Filter Include="Engine\08. Module\Strategy">
      <UniqueIdentifier>{97b4b74d-4b18-47ad-b576-f7354bf1c4f9}</UniqueIdentifier>
    </Filter>
    <Filter Include="Engine\08. Module\Strategy\MonsterMove">
      <UniqueIdentifier>{9a37a27f-ff09-43e0-9fb9-71069545c935}</UniqueIdentifier>
    </Filter>
    <Filter Include="Engine\09. Data">
      <UniqueIdentifier>{d643f5d4-a5d9-405b-8d4a-b4ab0e013be9}</UniqueIdentifier>
    </Filter>
    <Filter Include="Engine\09. Data\000. GameSave">
      <UniqueIdentifier>{9cea79f6-4dcc-4612-8762-edf21c39a695}</UniqueIdentifier>
    </Filter>
    <Filter Include="Engine\09. Data\100. Animation">
      <UniqueIdentifier>{086e085c-f137-49cc-9d81-f0a604b3fe1b}</UniqueIdentifier>
    </Filter>
    <Filter Include="Engine\09. Data\200. Animator">
      <UniqueIdentifier>{2b4ed7e9-16c3-4339-82c9-5af14066e6ed}</UniqueIdentifier>
    </Filter>
    <Filter Include="Engine\09. Data\300. Item">
      <UniqueIdentifier>{6c4e7d43-4e4f-45a7-8033-b7bf641f1010}</UniqueIdentifier>
    </Filter>
    <Filter Include="Engine\09. Data\400. Skill">
      <UniqueIdentifier>{c6408191-7bea-4ea9-a4a5-bd7df74f3dea}</UniqueIdentifier>
    </Filter>
    <Filter Include="Engine\09. Data\500. Monster">
      <UniqueIdentifier>{5b013bec-1b20-4c4c-8d9a-50e371c2131c}</UniqueIdentifier>
    </Filter>
    <Filter Include="Engine\04. Object\ToolTest">
      <UniqueIdentifier>{b54b96a9-d9d3-46f8-bdda-c885950d4a8c}</UniqueIdentifier>
    </Filter>
    <Filter Include="Engine\10. BattleCenter\MonsterSpawner">
      <UniqueIdentifier>{3a1c6fc7-b100-4a6b-a067-09b63e50dc1c}</UniqueIdentifier>
    </Filter>
    <Filter Include="Engine\09. Data\600. Field">
      <UniqueIdentifier>{9215465f-4b75-489a-90bc-e1b8e28a3c48}</UniqueIdentifier>
    </Filter>
    <Filter Include="Engine\08. Module\MapGenerator">
      <UniqueIdentifier>{29ebefb3-a7d2-437f-a7bf-d1d14abc2b72}</UniqueIdentifier>
    </Filter>
    <Filter Include="Engine\10. BattleCenter\TileCenter">
      <UniqueIdentifier>{bb05a0e0-fcf2-448e-a7cc-22c5ccb269f6}</UniqueIdentifier>
    </Filter>
    <Filter Include="Engine\10. BattleCenter\TurnCenter">
      <UniqueIdentifier>{82cffa74-44c6-489d-b9e2-5d7587eb8c71}</UniqueIdentifier>
    </Filter>
    <Filter Include="Engine\08. Module\Strategy\MonsterMove\Barrier">
      <UniqueIdentifier>{70832af4-fe20-4322-8bcf-a846cea2e751}</UniqueIdentifier>
    </Filter>
    <Filter Include="Engine\08. Module\Strategy\MonsterMove\Heal">
      <UniqueIdentifier>{a9ed7108-dff4-415c-ab41-797faf6771d9}</UniqueIdentifier>
    </Filter>
    <Filter Include="Engine\08. Module\Strategy\MonsterMove\FriendlyHeal">
      <UniqueIdentifier>{290765dc-8b46-43fc-963e-2345a768fcab}</UniqueIdentifier>
    </Filter>
    <Filter Include="Engine\08. Module\Strategy\MonsterMove\SelfHeal">
      <UniqueIdentifier>{2814e127-b104-4ca4-97c2-49810b0e0d5f}</UniqueIdentifier>
    </Filter>
    <Filter Include="Engine\08. Module\Strategy\MonsterMove\RandomMove">
      <UniqueIdentifier>{07443ddf-0e0b-4d37-91e9-052cee8a8da8}</UniqueIdentifier>
    </Filter>
    <Filter Include="Engine\08. Module\Strategy\MonsterMove\Teleport">
      <UniqueIdentifier>{9b671e7e-e328-46c8-8179-7362b9ed1d36}</UniqueIdentifier>
    </Filter>
    <Filter Include="Engine\08. Module\Strategy\MonsterMove\Trace">
      <UniqueIdentifier>{dbac847a-85a7-4474-8d1e-b52f55c5411f}</UniqueIdentifier>
    </Filter>
    <Filter Include="Engine\10. BattleCenter\BattleState">
      <UniqueIdentifier>{5b23aac0-bd8a-4d95-94c6-7185e72032b6}</UniqueIdentifier>
    </Filter>
    <Filter Include="Engine\10. BattleCenter\BattleState\PlayerTurn_Move">
      <UniqueIdentifier>{27f6c21b-c542-41dd-bf2b-f7446fb3a73f}</UniqueIdentifier>
    </Filter>
    <Filter Include="Engine\10. BattleCenter\BattleState\EnterBattle">
      <UniqueIdentifier>{e7c0bdbf-f664-4d62-ad33-0eae6aa158cf}</UniqueIdentifier>
    </Filter>
    <Filter Include="Engine\10. BattleCenter\BattleState\PlayerTurn_Attack">
      <UniqueIdentifier>{4d6dae16-6f81-4b50-9e82-6b0766c588c0}</UniqueIdentifier>
    </Filter>
    <Filter Include="Engine\10. BattleCenter\BattleState\PlayerTurn_TileSelect">
      <UniqueIdentifier>{895eabc5-b72d-470b-b10d-8055f122ff81}</UniqueIdentifier>
    </Filter>
    <Filter Include="Engine\10. BattleCenter\BattleState\PlayerTurn_Skill">
      <UniqueIdentifier>{cef5ac37-af6a-4d84-b283-bda29d9e0e5c}</UniqueIdentifier>
    </Filter>
    <Filter Include="Engine\10. BattleCenter\BattleState\EnemyTurn_Move">
      <UniqueIdentifier>{12f8d7ad-31a8-43ec-874f-042b3def05ef}</UniqueIdentifier>
    </Filter>
    <Filter Include="Engine\10. BattleCenter\A%2a_Search">
      <UniqueIdentifier>{619e9551-203b-4c84-8ce4-78f0e90373f4}</UniqueIdentifier>
    </Filter>
    <Filter Include="Engine\10. BattleCenter\BFS_Seacrh">
      <UniqueIdentifier>{cfb9ef22-914b-479c-be9e-ff766f22293c}</UniqueIdentifier>
    </Filter>
  </ItemGroup>
  <ItemGroup>
    <ClInclude Include="WinAPIProject.h">
      <Filter>Default</Filter>
    </ClInclude>
    <ClInclude Include="framework.h">
      <Filter>Default</Filter>
    </ClInclude>
    <ClInclude Include="targetver.h">
      <Filter>Default</Filter>
    </ClInclude>
    <ClInclude Include="Resource.h">
      <Filter>Default</Filter>
    </ClInclude>
    <ClInclude Include="CCore.h">
      <Filter>Engine\02. Core</Filter>
    </ClInclude>
    <ClInclude Include="define.h">
      <Filter>Engine\01. Header</Filter>
    </ClInclude>
    <ClInclude Include="CKeyMgr.h">
      <Filter>Engine\03. Manager\Key</Filter>
    </ClInclude>
    <ClInclude Include="pch.h" />
    <ClInclude Include="CObject.h">
      <Filter>Engine\04. Object</Filter>
    </ClInclude>
    <ClInclude Include="struct.h">
      <Filter>Engine\01. Header</Filter>
    </ClInclude>
    <ClInclude Include="CTimeMgr.h">
      <Filter>Engine\03. Manager\Time</Filter>
    </ClInclude>
    <ClInclude Include="CScene.h">
      <Filter>Engine\05. Scene</Filter>
    </ClInclude>
    <ClInclude Include="CSceneMgr.h">
      <Filter>Engine\03. Manager\Scene</Filter>
    </ClInclude>
    <ClInclude Include="CScene_Start.h">
      <Filter>Engine\05. Scene\1. Scene_Title</Filter>
    </ClInclude>
    <ClInclude Include="CPlayer.h">
      <Filter>Engine\04. Object\Player</Filter>
    </ClInclude>
    <ClInclude Include="CMonster.h">
      <Filter>Engine\04. Object\Monster</Filter>
    </ClInclude>
    <ClInclude Include="CMissile.h">
      <Filter>Engine\04. Object\Missile</Filter>
    </ClInclude>
    <ClInclude Include="CRes.h">
      <Filter>Engine\06. Resource</Filter>
    </ClInclude>
    <ClInclude Include="CSound.h">
      <Filter>Engine\06. Resource\Sound</Filter>
    </ClInclude>
    <ClInclude Include="CTexture.h">
      <Filter>Engine\06. Resource\Texture</Filter>
    </ClInclude>
    <ClInclude Include="CPathMgr.h">
      <Filter>Engine\03. Manager\Path</Filter>
    </ClInclude>
    <ClInclude Include="CResMgr.h">
      <Filter>Engine\03. Manager\Resource</Filter>
    </ClInclude>
    <ClInclude Include="CCollisionMgr.h">
      <Filter>Engine\03. Manager\Collision</Filter>
    </ClInclude>
    <ClInclude Include="CEventMgr.h">
      <Filter>Engine\03. Manager\Event</Filter>
    </ClInclude>
    <ClInclude Include="func.h">
      <Filter>Engine\01. Header</Filter>
    </ClInclude>
    <ClInclude Include="CScene_Tool.h">
      <Filter>Engine\05. Scene\0. Scene_Tool</Filter>
    </ClInclude>
    <ClInclude Include="CCollider.h">
      <Filter>Engine\07. Component\Collider</Filter>
    </ClInclude>
    <ClInclude Include="CAnimator.h">
      <Filter>Engine\07. Component\Animator</Filter>
    </ClInclude>
    <ClInclude Include="CAnimation.h">
      <Filter>Engine\07. Component\Animator\Animation</Filter>
    </ClInclude>
    <ClInclude Include="CCamera.h">
      <Filter>Engine\03. Manager\Camera</Filter>
    </ClInclude>
    <ClInclude Include="CUI.h">
      <Filter>Engine\04. Object\UI</Filter>
    </ClInclude>
    <ClInclude Include="CUIMgr.h">
      <Filter>Engine\03. Manager\UI</Filter>
    </ClInclude>
    <ClInclude Include="CPanelUI.h">
      <Filter>Engine\04. Object\UI\PanelUI</Filter>
    </ClInclude>
    <ClInclude Include="CBtnUI.h">
      <Filter>Engine\04. Object\UI\BtnUI</Filter>
    </ClInclude>
    <ClInclude Include="SelectGDI.h">
      <Filter>Engine\08. Module\GDI</Filter>
    </ClInclude>
    <ClInclude Include="CDataMgr.h">
      <Filter>Engine\03. Manager\Data</Filter>
    </ClInclude>
    <ClInclude Include="ItemData.h">
      <Filter>Engine\09. Data\300. Item</Filter>
    </ClInclude>
    <ClInclude Include="MonsterData.h">
      <Filter>Engine\09. Data\500. Monster</Filter>
    </ClInclude>
    <ClInclude Include="SkillData.h">
      <Filter>Engine\09. Data\400. Skill</Filter>
    </ClInclude>
    <ClInclude Include="AnimationData.h">
      <Filter>Engine\09. Data\100. Animation</Filter>
    </ClInclude>
    <ClInclude Include="CData.h">
      <Filter>Engine\09. Data</Filter>
    </ClInclude>
    <ClInclude Include="AnimatorData.h">
      <Filter>Engine\09. Data\200. Animator</Filter>
    </ClInclude>
    <ClInclude Include="CToolTest.h">
      <Filter>Engine\04. Object\ToolTest</Filter>
    </ClInclude>
    <ClInclude Include="CTile.h">
      <Filter>Engine\04. Object\Tile</Filter>
    </ClInclude>
    <ClInclude Include="CScene_Battle.h">
      <Filter>Engine\05. Scene\3. Scene_Battle</Filter>
    </ClInclude>
    <ClInclude Include="CBlock.h">
      <Filter>Engine\04. Object\Block</Filter>
    </ClInclude>
    <ClInclude Include="CMouse.h">
      <Filter>Engine\04. Object\Mouse</Filter>
    </ClInclude>
    <ClInclude Include="CGdiPlus.h">
      <Filter>Engine\06. Resource\TextureGDI+</Filter>
    </ClInclude>
    <ClInclude Include="CAnimationGDIplus.h">
      <Filter>Engine\07. Component\AnimatorGDI+\AnimationGDI+</Filter>
    </ClInclude>
    <ClInclude Include="CEffect.h">
      <Filter>Engine\04. Object\Effect</Filter>
    </ClInclude>
    <ClInclude Include="tAnimFrame.h">
      <Filter>Engine\07. Component</Filter>
    </ClInclude>
    <ClInclude Include="CAnimatorGdiPlus.h">
      <Filter>Engine\07. Component\AnimatorGDI+</Filter>
    </ClInclude>
    <ClInclude Include="Heal.h">
      <Filter>Engine\08. Module\Strategy\MonsterMove\Heal</Filter>
    </ClInclude>
    <ClInclude Include="RandomMove.h">
      <Filter>Engine\08. Module\Strategy\MonsterMove\RandomMove</Filter>
    </ClInclude>
    <ClInclude Include="Teleport.h">
      <Filter>Engine\08. Module\Strategy\MonsterMove\Teleport</Filter>
    </ClInclude>
    <ClInclude Include="Trace.h">
      <Filter>Engine\08. Module\Strategy\MonsterMove\Trace</Filter>
    </ClInclude>
    <ClInclude Include="Barrier.h">
      <Filter>Engine\08. Module\Strategy\MonsterMove\Barrier</Filter>
    </ClInclude>
    <ClInclude Include="BFSSearch.h">
      <Filter>Engine\10. BattleCenter\BFS_Seacrh</Filter>
    </ClInclude>
    <ClInclude Include="CTurnManager.h">
      <Filter>Engine\10. BattleCenter\TurnCenter</Filter>
    </ClInclude>
    <ClInclude Include="tile.h">
      <Filter>Engine\01. Header</Filter>
    </ClInclude>
    <ClInclude Include="CToolTest2.h">
      <Filter>Engine\04. Object\ToolTest</Filter>
    </ClInclude>
    <ClInclude Include="CMonsterSpawner.h">
      <Filter>Engine\10. BattleCenter\MonsterSpawner</Filter>
    </ClInclude>
    <ClInclude Include="FieldData.h">
      <Filter>Engine\09. Data\600. Field</Filter>
    </ClInclude>
    <ClInclude Include="CMapGenerator.h">
      <Filter>Engine\08. Module\MapGenerator</Filter>
    </ClInclude>
    <ClInclude Include="GameData.h">
      <Filter>Engine\09. Data\000. GameSave</Filter>
    </ClInclude>
    <ClInclude Include="CTileManager.h">
      <Filter>Engine\10. BattleCenter\TileCenter</Filter>
    </ClInclude>
    <ClInclude Include="FriendlyHeal.h">
      <Filter>Engine\08. Module\Strategy\MonsterMove\FriendlyHeal</Filter>
    </ClInclude>
    <ClInclude Include="SelfHeal.h">
      <Filter>Engine\08. Module\Strategy\MonsterMove\SelfHeal</Filter>
    </ClInclude>
    <ClInclude Include="IStrategy.h">
      <Filter>Engine\08. Module\Strategy</Filter>
    </ClInclude>
    <ClInclude Include="CBattleState.h">
      <Filter>Engine\10. BattleCenter\BattleState</Filter>
    </ClInclude>
    <ClInclude Include="PlayerTurn_Move.h">
      <Filter>Engine\10. BattleCenter\BattleState\PlayerTurn_Move</Filter>
    </ClInclude>
    <ClInclude Include="EnterBattle.h">
      <Filter>Engine\10. BattleCenter\BattleState\EnterBattle</Filter>
    </ClInclude>
    <ClInclude Include="PlayerTurn_Attack.h">
      <Filter>Engine\10. BattleCenter\BattleState\PlayerTurn_Attack</Filter>
    </ClInclude>
    <ClInclude Include="PlayerTurn_TileSelect.h">
      <Filter>Engine\10. BattleCenter\BattleState\PlayerTurn_TileSelect</Filter>
    </ClInclude>
    <ClInclude Include="PlayerTurn_Skill.h">
      <Filter>Engine\10. BattleCenter\BattleState\PlayerTurn_Skill</Filter>
    </ClInclude>
    <ClInclude Include="EnemyTurn_Move.h">
      <Filter>Engine\10. BattleCenter\BattleState\EnemyTurn_Move</Filter>
    </ClInclude>
    <ClInclude Include="AstarSearch.h">
      <Filter>Engine\10. BattleCenter\A%2a_Search</Filter>
    </ClInclude>
  </ItemGroup>
  <ItemGroup>
    <ClCompile Include="CCore.cpp">
      <Filter>Engine\02. Core</Filter>
    </ClCompile>
    <ClCompile Include="WinMain.cpp" />
    <ClCompile Include="CObject.cpp">
      <Filter>Engine\04. Object</Filter>
    </ClCompile>
    <ClCompile Include="CKeyMgr.cpp">
      <Filter>Engine\03. Manager\Key</Filter>
    </ClCompile>
    <ClCompile Include="CTimeMgr.cpp">
      <Filter>Engine\03. Manager\Time</Filter>
    </ClCompile>
    <ClCompile Include="CScene.cpp">
      <Filter>Engine\05. Scene</Filter>
    </ClCompile>
    <ClCompile Include="CSceneMgr.cpp">
      <Filter>Engine\03. Manager\Scene</Filter>
    </ClCompile>
    <ClCompile Include="CScene_Start.cpp">
      <Filter>Engine\05. Scene\1. Scene_Title</Filter>
    </ClCompile>
    <ClCompile Include="CPlayer.cpp">
      <Filter>Engine\04. Object\Player</Filter>
    </ClCompile>
    <ClCompile Include="CMonster.cpp">
      <Filter>Engine\04. Object\Monster</Filter>
    </ClCompile>
    <ClCompile Include="CMissile.cpp">
      <Filter>Engine\04. Object\Missile</Filter>
    </ClCompile>
    <ClCompile Include="CRes.cpp">
      <Filter>Engine\06. Resource</Filter>
    </ClCompile>
    <ClCompile Include="CSound.cpp">
      <Filter>Engine\06. Resource\Sound</Filter>
    </ClCompile>
    <ClCompile Include="CTexture.cpp">
      <Filter>Engine\06. Resource\Texture</Filter>
    </ClCompile>
    <ClCompile Include="CPathMgr.cpp">
      <Filter>Engine\03. Manager\Path</Filter>
    </ClCompile>
    <ClCompile Include="CResMgr.cpp">
      <Filter>Engine\03. Manager\Resource</Filter>
    </ClCompile>
    <ClCompile Include="CCollisionMgr.cpp">
      <Filter>Engine\03. Manager\Collision</Filter>
    </ClCompile>
    <ClCompile Include="CEventMgr.cpp">
      <Filter>Engine\03. Manager\Event</Filter>
    </ClCompile>
    <ClCompile Include="func.cpp">
      <Filter>Engine\01. Header</Filter>
    </ClCompile>
    <ClCompile Include="CScene_Tool.cpp">
      <Filter>Engine\05. Scene\0. Scene_Tool</Filter>
    </ClCompile>
    <ClCompile Include="CCollider.cpp">
      <Filter>Engine\07. Component\Collider</Filter>
    </ClCompile>
    <ClCompile Include="CAnimator.cpp">
      <Filter>Engine\07. Component\Animator</Filter>
    </ClCompile>
    <ClCompile Include="CAnimation.cpp">
      <Filter>Engine\07. Component\Animator\Animation</Filter>
    </ClCompile>
    <ClCompile Include="CCamera.cpp">
      <Filter>Engine\03. Manager\Camera</Filter>
    </ClCompile>
    <ClCompile Include="CUI.cpp">
      <Filter>Engine\04. Object\UI</Filter>
    </ClCompile>
    <ClCompile Include="CUIMgr.cpp">
      <Filter>Engine\03. Manager\UI</Filter>
    </ClCompile>
    <ClCompile Include="CPanelUI.cpp">
      <Filter>Engine\04. Object\UI\PanelUI</Filter>
    </ClCompile>
    <ClCompile Include="CBtnUI.cpp">
      <Filter>Engine\04. Object\UI\BtnUI</Filter>
    </ClCompile>
    <ClCompile Include="SelectGDI.cpp">
      <Filter>Engine\08. Module\GDI</Filter>
    </ClCompile>
    <ClCompile Include="CDataMgr.cpp">
      <Filter>Engine\03. Manager\Data</Filter>
    </ClCompile>
    <ClCompile Include="ItemData.cpp">
      <Filter>Engine\09. Data\300. Item</Filter>
    </ClCompile>
    <ClCompile Include="MonsterData.cpp">
      <Filter>Engine\09. Data\500. Monster</Filter>
    </ClCompile>
    <ClCompile Include="SkillData.cpp">
      <Filter>Engine\09. Data\400. Skill</Filter>
    </ClCompile>
    <ClCompile Include="AnimationData.cpp">
      <Filter>Engine\09. Data\100. Animation</Filter>
    </ClCompile>
    <ClCompile Include="CData.cpp">
      <Filter>Engine\09. Data</Filter>
    </ClCompile>
    <ClCompile Include="AnimatorData.cpp">
      <Filter>Engine\09. Data\200. Animator</Filter>
    </ClCompile>
    <ClCompile Include="CToolTest.cpp">
      <Filter>Engine\04. Object\ToolTest</Filter>
    </ClCompile>
    <ClCompile Include="CTile.cpp">
      <Filter>Engine\04. Object\Tile</Filter>
    </ClCompile>
    <ClCompile Include="CScene_Battle.cpp">
      <Filter>Engine\05. Scene\3. Scene_Battle</Filter>
    </ClCompile>
    <ClCompile Include="CBlock.cpp">
      <Filter>Engine\04. Object\Block</Filter>
    </ClCompile>
    <ClCompile Include="CMouse.cpp">
      <Filter>Engine\04. Object\Mouse</Filter>
    </ClCompile>
    <ClCompile Include="CGdiPlus.cpp">
      <Filter>Engine\06. Resource\TextureGDI+</Filter>
    </ClCompile>
    <ClCompile Include="CAnimationGDIplus.cpp">
      <Filter>Engine\07. Component\AnimatorGDI+\AnimationGDI+</Filter>
    </ClCompile>
    <ClCompile Include="CEffect.cpp">
      <Filter>Engine\04. Object\Effect</Filter>
    </ClCompile>
    <ClCompile Include="CAnimatorGdiPlus.cpp">
      <Filter>Engine\07. Component\AnimatorGDI+</Filter>
    </ClCompile>
    <ClCompile Include="Heal.cpp">
      <Filter>Engine\08. Module\Strategy\MonsterMove\Heal</Filter>
    </ClCompile>
    <ClCompile Include="RandomMove.cpp">
      <Filter>Engine\08. Module\Strategy\MonsterMove\RandomMove</Filter>
    </ClCompile>
    <ClCompile Include="Teleport.cpp">
      <Filter>Engine\08. Module\Strategy\MonsterMove\Teleport</Filter>
    </ClCompile>
    <ClCompile Include="Trace.cpp">
      <Filter>Engine\08. Module\Strategy\MonsterMove\Trace</Filter>
    </ClCompile>
    <ClCompile Include="Barrier.cpp">
      <Filter>Engine\08. Module\Strategy\MonsterMove\Barrier</Filter>
    </ClCompile>
    <ClCompile Include="BFSSearch.cpp">
      <Filter>Engine\10. BattleCenter\BFS_Seacrh</Filter>
    </ClCompile>
    <ClCompile Include="CTileManager.cpp">
      <Filter>Engine\10. BattleCenter\TileCenter</Filter>
    </ClCompile>
    <ClCompile Include="CTurnManager.cpp">
      <Filter>Engine\10. BattleCenter\TurnCenter</Filter>
    </ClCompile>
    <ClCompile Include="CToolTest2.cpp">
      <Filter>Engine\04. Object\ToolTest</Filter>
    </ClCompile>
    <ClCompile Include="CMonsterSpawner.cpp">
      <Filter>Engine\10. BattleCenter\MonsterSpawner</Filter>
    </ClCompile>
    <ClCompile Include="FieldData.cpp">
      <Filter>Engine\09. Data\600. Field</Filter>
    </ClCompile>
    <ClCompile Include="CMapGenerator.cpp">
      <Filter>Engine\08. Module\MapGenerator</Filter>
    </ClCompile>
    <ClCompile Include="GameData.cpp">
      <Filter>Engine\09. Data\000. GameSave</Filter>
    </ClCompile>
    <ClCompile Include="FriendlyHeal.cpp">
      <Filter>Engine\08. Module\Strategy\MonsterMove\FriendlyHeal</Filter>
    </ClCompile>
    <ClCompile Include="SelfHeal.cpp">
      <Filter>Engine\08. Module\Strategy\MonsterMove\SelfHeal</Filter>
    </ClCompile>
    <ClCompile Include="IStrategy.cpp">
      <Filter>Engine\08. Module\Strategy</Filter>
    </ClCompile>
    <ClCompile Include="CBattleState.cpp">
      <Filter>Engine\10. BattleCenter\BattleState</Filter>
    </ClCompile>
    <ClCompile Include="PlayerTurn_Move.cpp">
      <Filter>Engine\10. BattleCenter\BattleState\PlayerTurn_Move</Filter>
    </ClCompile>
    <ClCompile Include="EnterBattle.cpp">
      <Filter>Engine\10. BattleCenter\BattleState\EnterBattle</Filter>
    </ClCompile>
    <ClCompile Include="PlayerTurn_Attack.cpp">
      <Filter>Engine\10. BattleCenter\BattleState\PlayerTurn_Attack</Filter>
    </ClCompile>
    <ClCompile Include="PlayerTurn_TileSelect.cpp">
      <Filter>Engine\10. BattleCenter\BattleState\PlayerTurn_TileSelect</Filter>
    </ClCompile>
    <ClCompile Include="PlayerTurn_Skill.cpp">
      <Filter>Engine\10. BattleCenter\BattleState\PlayerTurn_Skill</Filter>
    </ClCompile>
    <ClCompile Include="EnemyTurn_Move.cpp">
      <Filter>Engine\10. BattleCenter\BattleState\EnemyTurn_Move</Filter>
    </ClCompile>
    <ClCompile Include="AstarSearch.cpp">
      <Filter>Engine\10. BattleCenter\A%2a_Search</Filter>
    </ClCompile>
  </ItemGroup>
  <ItemGroup>
    <ResourceCompile Include="WinAPIProject.rc">
      <Filter>Default\리소스 파일</Filter>
    </ResourceCompile>
  </ItemGroup>
  <ItemGroup>
    <Image Include="small.ico">
      <Filter>Default\리소스 파일</Filter>
    </Image>
    <Image Include="WinAPIProject.ico">
      <Filter>Default\리소스 파일</Filter>
    </Image>
    <Image Include="AssortrockWinAPI.ico">
      <Filter>Default\리소스 파일</Filter>
    </Image>
  </ItemGroup>
  <ItemGroup>
    <None Include="ClassDiagram1.cd" />
  </ItemGroup>
</Project>